
Microsoft Visual Studio Solution File, Format Version 12.00
# Visual Studio Version 17
VisualStudioVersion = 17.0.31423.177
MinimumVisualStudioVersion = 10.0.40219.1
Project("{9A19103F-16F7-4668-BE54-9A1E7A4F7556}") = "RoundedTB", "RoundedTB\RoundedTB.csproj", "{52C15E53-9E25-4847-8522-8BA77B08106F}"
EndProject
Global
	GlobalSection(SolutionConfigurationPlatforms) = preSolution
		Debug|Any CPU = Debug|Any CPU
		Debug|x64 = Debug|x64
		Release|Any CPU = Release|Any CPU
		Release|x64 = Release|x64
	EndGlobalSection
	GlobalSection(ProjectConfigurationPlatforms) = postSolution
		{52C15E53-9E25-4847-8522-8BA77B08106F}.Debug|Any CPU.ActiveCfg = Debug|Any CPU
		{52C15E53-9E25-4847-8522-8BA77B08106F}.Debug|Any CPU.Build.0 = Debug|Any CPU
		{52C15E53-9E25-4847-8522-8BA77B08106F}.Debug|x64.ActiveCfg = Debug|x64
		{52C15E53-9E25-4847-8522-8BA77B08106F}.Debug|x64.Build.0 = Debug|x64
		{52C15E53-9E25-4847-8522-8BA77B08106F}.Release|Any CPU.ActiveCfg = Release|Any CPU
		{52C15E53-9E25-4847-8522-8BA77B08106F}.Release|Any CPU.Build.0 = Release|Any CPU
		{52C15E53-9E25-4847-8522-8BA77B08106F}.Release|x64.ActiveCfg = Release|x64
		{52C15E53-9E25-4847-8522-8BA77B08106F}.Release|x64.Build.0 = Release|x64
	EndGlobalSection
	GlobalSection(SolutionProperties) = preSolution
		HideSolutionNode = FALSE
	EndGlobalSection
	GlobalSection(ExtensibilityGlobals) = postSolution
		SolutionGuid = {DA142517-2AAB-4F18-A60B-23F80035D8E0}
	EndGlobalSection
EndGlobal
